
Microsoft Visual Studio Solution File, Format Version 12.00
# Visual Studio 15
VisualStudioVersion = 15.0.27004.2009
MinimumVisualStudioVersion = 10.0.40219.1
Project("{8BC9CEB8-8B4A-11D0-8D11-00A0C91BC942}") = "LabSysProg1_4", "LabSysProg1_4\LabSysProg1_4.vcxproj", "{ACA4DC92-3877-4C95-A902-E22C5E0F5322}"
EndProject
Global
	GlobalSection(SolutionConfigurationPlatforms) = preSolution
		Debug|x64 = Debug|x64
		Debug|x86 = Debug|x86
		Release|x64 = Release|x64
		Release|x86 = Release|x86
	EndGlobalSection
	GlobalSection(ProjectConfigurationPlatforms) = postSolution
		{ACA4DC92-3877-4C95-A902-E22C5E0F5322}.Debug|x64.ActiveCfg = Debug|x64
		{ACA4DC92-3877-4C95-A902-E22C5E0F5322}.Debug|x64.Build.0 = Debug|x64
		{ACA4DC92-3877-4C95-A902-E22C5E0F5322}.Debug|x86.ActiveCfg = Debug|Win32
		{ACA4DC92-3877-4C95-A902-E22C5E0F5322}.Debug|x86.Build.0 = Debug|Win32
		{ACA4DC92-3877-4C95-A902-E22C5E0F5322}.Release|x64.ActiveCfg = Release|x64
		{ACA4DC92-3877-4C95-A902-E22C5E0F5322}.Release|x64.Build.0 = Release|x64
		{ACA4DC92-3877-4C95-A902-E22C5E0F5322}.Release|x86.ActiveCfg = Release|Win32
		{ACA4DC92-3877-4C95-A902-E22C5E0F5322}.Release|x86.Build.0 = Release|Win32
	EndGlobalSection
	GlobalSection(SolutionProperties) = preSolution
		HideSolutionNode = FALSE
	EndGlobalSection
	GlobalSection(ExtensibilityGlobals) = postSolution
		SolutionGuid = {1A10141F-21D5-4468-8802-83546D131DD6}
	EndGlobalSection
EndGlobal
